<?xml version="1.0" encoding="utf-8"?>
<Project ToolsVersion="4.0" xmlns="http://schemas.microsoft.com/developer/msbuild/2003">
  <ItemGroup>
    <Filter Include="system">
      <UniqueIdentifier>{22dd8095-74f9-46df-81a1-36675a040b1f}</UniqueIdentifier>
    </Filter>
  </ItemGroup>
  <ItemGroup>
    <ClCompile Include="stdafx.cpp" />
    <ClCompile Include="main.cpp" />
    <ClCompile Include="system\system.cpp">
      <Filter>system</Filter>
    </ClCompile>
    <ClCompile Include="Game.cpp" />
    <ClCompile Include="GameCamera.cpp" />
    <ClCompile Include="Src\Actor\Actor.cpp" />
    <ClCompile Include="Src\Actor\Character\ICharacter.cpp" />
    <ClCompile Include="Src\Actor\Character\Common\CharacterModel.cpp" />
    <ClCompile Include="Src\Actor\Character\Common\CharacterAnimation.cpp" />
    <ClCompile Include="Src\StateMachine\StateMachine.cpp" />
    <ClCompile Include="Src\Scene\GameFlow.cpp" />
    <ClCompile Include="Src\Scene\TitleScene.cpp" />
    <ClCompile Include="Src\UI\Title\TitleUI.cpp" />
    <ClCompile Include="Src\Scene\InGameScene.cpp" />
  </ItemGroup>
  <ItemGroup>
    <ClInclude Include="stdafx.h" />
    <ClInclude Include="system\system.h">
      <Filter>system</Filter>
    </ClInclude>
    <ClInclude Include="Game.h" />
    <ClInclude Include="GameCamera.h" />
    <ClInclude Include="Src\Actor\Actor.h" />
    <ClInclude Include="Src\Actor\Character\ICharacter.h" />
    <ClInclude Include="Src\Actor\Character\Common\CharacterModel.h" />
    <ClInclude Include="Src\Actor\Character\Common\CharacterAnimation.h" />
    <ClInclude Include="Src\StateMachine\IState.h" />
    <ClInclude Include="Src\StateMachine\NullState.h" />
    <ClInclude Include="Src\StateMachine\StateMachine.h" />
    <ClInclude Include="Src\Scene\IScene.h" />
    <ClInclude Include="Src\Scene\GameFlow.h" />
    <ClInclude Include="Src\Scene\TitleScene.h" />
    <ClInclude Include="Src\UI\Title\TitleUI.h" />
    <ClInclude Include="Src\Scene\InGameScene.h" />
  </ItemGroup>
  <ItemGroup>
    <FxCompile Include="Assets\shader\PMX_PS.hlsl" />
    <FxCompile Include="Assets\shader\PMX_VS.hlsl" />
    <FxCompile Include="Assets\shader\Penlight_PS.hlsl" />
    <FxCompile Include="Assets\shader\Penlight_VS.hlsl" />
  </ItemGroup>
</Project>